
Microsoft Visual Studio Solution File, Format Version 10.00
# Visual C++ Express 2008
Project("{8BC9CEB8-8B4A-11D0-8D11-00A0C91BC942}") = "Возрастающая подпоследовательность", "Возрастающая подпоследовательность\Возрастающая подпоследовательность.vcproj", "{12F37CE2-C3AD-45CA-9BF2-6D9DB4346538}"
EndProject
Global
	GlobalSection(SolutionConfigurationPlatforms) = preSolution
		Debug|Win32 = Debug|Win32
		Release|Win32 = Release|Win32
	EndGlobalSection
	GlobalSection(ProjectConfigurationPlatforms) = postSolution
		{12F37CE2-C3AD-45CA-9BF2-6D9DB4346538}.Debug|Win32.ActiveCfg = Debug|Win32
		{12F37CE2-C3AD-45CA-9BF2-6D9DB4346538}.Debug|Win32.Build.0 = Debug|Win32
		{12F37CE2-C3AD-45CA-9BF2-6D9DB4346538}.Release|Win32.ActiveCfg = Release|Win32
		{12F37CE2-C3AD-45CA-9BF2-6D9DB4346538}.Release|Win32.Build.0 = Release|Win32
	EndGlobalSection
	GlobalSection(SolutionProperties) = preSolution
		HideSolutionNode = FALSE
	EndGlobalSection
EndGlobal
