
Microsoft Visual Studio Solution File, Format Version 10.00
# Visual C++ Express 2008
Project("{8BC9CEB8-8B4A-11D0-8D11-00A0C91BC942}") = "Скобки3", "Скобки3\Скобки3.vcproj", "{F568322C-1319-4F5F-8555-FD4F1A7F3E59}"
EndProject
Global
	GlobalSection(SolutionConfigurationPlatforms) = preSolution
		Debug|Win32 = Debug|Win32
		Release|Win32 = Release|Win32
	EndGlobalSection
	GlobalSection(ProjectConfigurationPlatforms) = postSolution
		{F568322C-1319-4F5F-8555-FD4F1A7F3E59}.Debug|Win32.ActiveCfg = Debug|Win32
		{F568322C-1319-4F5F-8555-FD4F1A7F3E59}.Debug|Win32.Build.0 = Debug|Win32
		{F568322C-1319-4F5F-8555-FD4F1A7F3E59}.Release|Win32.ActiveCfg = Release|Win32
		{F568322C-1319-4F5F-8555-FD4F1A7F3E59}.Release|Win32.Build.0 = Release|Win32
	EndGlobalSection
	GlobalSection(SolutionProperties) = preSolution
		HideSolutionNode = FALSE
	EndGlobalSection
EndGlobal
